
Microsoft Visual Studio Solution File, Format Version 12.00
# Visual Studio Version 16
VisualStudioVersion = 16.0.30320.27
MinimumVisualStudioVersion = 10.0.40219.1
Project("{FAE04EC0-301F-11D3-BF4B-00C04F79EFBC}") = "FSV.FolderTree", "FSV.FolderTree\FSV.FolderTree.csproj", "{FD1D8BAE-014C-4941-BA49-33182955689C}"
EndProject
Project("{FAE04EC0-301F-11D3-BF4B-00C04F79EFBC}") = "FSV.Configuration", "FSV.Configuration\FSV.Configuration.csproj", "{0BDC0C6C-06BB-4DCD-AB93-E7FC035EB0AF}"
EndProject
Project("{FAE04EC0-301F-11D3-BF4B-00C04F79EFBC}") = "FSV.Business", "FSV.Business\FSV.Business.csproj", "{F637CDFC-D5E9-419A-BD7F-F7D320BEA3C0}"
EndProject
Project("{FAE04EC0-301F-11D3-BF4B-00C04F79EFBC}") = "FSV.FileSystem.Interop", "FSV.FileSystem.Interop\FSV.FileSystem.Interop.csproj", "{CD590216-FF4E-4AB6-A6D3-F1D45E3615A0}"
EndProject
Project("{FAE04EC0-301F-11D3-BF4B-00C04F79EFBC}") = "FolderSecurityViewer", "FolderSecurityViewer\FolderSecurityViewer.csproj", "{9EF5069E-F950-4239-B3EA-8ECEA50FB4A0}"
EndProject
Project("{FAE04EC0-301F-11D3-BF4B-00C04F79EFBC}") = "FSV.ExcelExporter", "FSV.ExcelExporter\FSV.ExcelExporter.csproj", "{C5B80996-6771-4D23-9136-1CF9C4230579}"
EndProject
Project("{FAE04EC0-301F-11D3-BF4B-00C04F79EFBC}") = "FSV.ViewModel", "FSV.ViewModel\FSV.ViewModel.csproj", "{C0FDC758-241D-4925-A74C-4816D9191CA1}"
EndProject
Project("{FAE04EC0-301F-11D3-BF4B-00C04F79EFBC}") = "FSV.AdServices", "FSV.AdServices\FSV.AdServices.csproj", "{544EF25E-75DC-4166-9FF2-F0005388146F}"
EndProject
Project("{FAE04EC0-301F-11D3-BF4B-00C04F79EFBC}") = "FSV.Models", "FSV.Models\FSV.Models.csproj", "{F268923F-4E6D-4C52-9B38-B4E370582283}"
EndProject
Project("{FAE04EC0-301F-11D3-BF4B-00C04F79EFBC}") = "FSV.CsvExporter", "FSV.CsvExporter\FSV.CsvExporter.csproj", "{10D9C1E5-D90D-40EC-A445-2C0038BBCF85}"
EndProject
Project("{FAE04EC0-301F-11D3-BF4B-00C04F79EFBC}") = "FSV.HtmlExporter", "FSV.HtmlExporter\FSV.HtmlExporter.csproj", "{86CEEF74-77C9-48CC-AF44-A8D0D9A139B1}"
EndProject
Project("{FAE04EC0-301F-11D3-BF4B-00C04F79EFBC}") = "FSV.Database", "FSV.Database\FSV.Database.csproj", "{AA409F5F-9D8C-430A-B7ED-CA3DCFD66550}"
EndProject
Project("{FAE04EC0-301F-11D3-BF4B-00C04F79EFBC}") = "FSV.EMailService", "FSV.EMailService\FSV.EMailService.csproj", "{03B9ACF6-F142-4D91-BA8C-26BC3C84F62A}"
EndProject
Project("{FAE04EC0-301F-11D3-BF4B-00C04F79EFBC}") = "FSV.Console", "FSV.Console\FSV.Console.csproj", "{E16FAF7B-85FF-4F41-B555-2FA1BC7AE662}"
EndProject
Project("{FAE04EC0-301F-11D3-BF4B-00C04F79EFBC}") = "FSV.Templates", "FSV.Templates\FSV.Templates.csproj", "{255C8131-0B4A-48A0-A318-B51EA6D8225F}"
EndProject
Project("{FAE04EC0-301F-11D3-BF4B-00C04F79EFBC}") = "FSV.Resources", "FSV.Resources\FSV.Resources.csproj", "{7F0DCB46-1B42-4000-A481-6BDFB2103A87}"
EndProject
Project("{FAE04EC0-301F-11D3-BF4B-00C04F79EFBC}") = "FSV.Crypto", "FSV.Crypto\FSV.Crypto.csproj", "{210DEDB1-6EDF-4D10-8251-5AA27BDB8EF9}"
EndProject
Project("{FAE04EC0-301F-11D3-BF4B-00C04F79EFBC}") = "FSV.FileSystem.Interop.UnitTest", "FSV.FileSystem.Interop.UnitTest\FSV.FileSystem.Interop.UnitTest.csproj", "{F06053AB-3442-498E-B0D0-C35A06EBA883}"
EndProject
Project("{9A19103F-16F7-4668-BE54-9A1E7A4F7556}") = "FSV.Extensions.DependencyInjection", "FSV.Extensions.DependencyInjection\FSV.Extensions.DependencyInjection.csproj", "{0B87440C-CE77-4D3F-AD5D-1EA72363A51E}"
EndProject
Project("{2150E333-8FDC-42A3-9474-1A3956D46DE8}") = "Tests", "Tests", "{0E252AB3-1E8E-4FE2-82FC-C207CA1B5970}"
EndProject
Project("{FAE04EC0-301F-11D3-BF4B-00C04F79EFBC}") = "FSV.AdServices.UnitTest", "FSV.AdServices.UnitTest\FSV.AdServices.UnitTest.csproj", "{999A591F-E7D9-4BE2-B02F-39BCCCD56898}"
EndProject
Project("{9A19103F-16F7-4668-BE54-9A1E7A4F7556}") = "FSV.Extensions.DependencyInjection.UnitTest", "FSV.Extensions.DependencyInjection.UnitTest\FSV.Extensions.DependencyInjection.UnitTest.csproj", "{7E92B250-C452-4121-9698-9A63CA076923}"
EndProject
Project("{9A19103F-16F7-4668-BE54-9A1E7A4F7556}") = "FSV.Crypto.Abstractions", "FSV.Crypto.Abstractions\FSV.Crypto.Abstractions.csproj", "{A9DBBA78-EE29-43D0-A67F-A92AF66531E1}"
EndProject
Project("{2150E333-8FDC-42A3-9474-1A3956D46DE8}") = "Abstractions", "Abstractions", "{B8A0D256-39EB-4883-9D1E-2D031B2C3010}"
EndProject
Project("{FAE04EC0-301F-11D3-BF4B-00C04F79EFBC}") = "FSV.Configuration.UnitTest", "FSV.Configuration.UnitTest\FSV.Configuration.UnitTest.csproj", "{CAD6A1AD-D0D3-441A-B416-B9AE9E6424F8}"
EndProject
Project("{FAE04EC0-301F-11D3-BF4B-00C04F79EFBC}") = "FSV.Business.UnitTest", "FSV.Business.UnitTest\FSV.Business.UnitTest.csproj", "{7C3B5F34-C8D5-41AE-8165-9A83351D39BE}"
EndProject
Project("{FAE04EC0-301F-11D3-BF4B-00C04F79EFBC}") = "FSV.ActiveDirectoryServices.TestAbstractionLayer", "FSV.ActiveDirectoryServices.TestAbstractionLayer\FSV.ActiveDirectoryServices.TestAbstractionLayer.csproj", "{D58D5D7B-87AC-46F8-839E-BF5015697509}"
EndProject
Project("{FAE04EC0-301F-11D3-BF4B-00C04F79EFBC}") = "FSV.AdServices.Abstractions", "FSV.AdServices.Abstractions\FSV.AdServices.Abstractions.csproj", "{B8F6DD4E-25E7-43F7-8E86-76941A4D61A5}"
EndProject
Project("{FAE04EC0-301F-11D3-BF4B-00C04F79EFBC}") = "FSV.Extensions.Logging", "FSV.Extensions.Logging\FSV.Extensions.Logging.csproj", "{10EF5D74-77E9-4F8C-B0FB-AB44FB908119}"
EndProject
Project("{FAE04EC0-301F-11D3-BF4B-00C04F79EFBC}") = "FSV.Database.UnitTest", "FSV.Database.UnitTest\FSV.Database.UnitTest.csproj", "{E5142133-D2CB-450D-80A8-72561710B25D}"
EndProject
Project("{9A19103F-16F7-4668-BE54-9A1E7A4F7556}") = "FSV.Configuration.Abstractions", "FSV.Configuration.Abstractions\FSV.Configuration.Abstractions.csproj", "{6EF8B753-C9EF-4F1A-BDEB-58EFA7DD3487}"
EndProject
Project("{FAE04EC0-301F-11D3-BF4B-00C04F79EFBC}") = "FSV.Security", "FSV.Security\FSV.Security.csproj", "{98992E64-A68A-42BD-A083-695BD84C8F66}"
EndProject
Project("{9A19103F-16F7-4668-BE54-9A1E7A4F7556}") = "FSV.ShareServices", "FSV.ShareServices\FSV.ShareServices.csproj", "{F0FDD4E2-0047-452C-9980-227C2C41C4F3}"
EndProject
Project("{FAE04EC0-301F-11D3-BF4B-00C04F79EFBC}") = "FSV.ShareServices.UnitTest", "FSV.ShareServices.UnitTest\FSV.ShareServices.UnitTest.csproj", "{8F3B477C-DB33-4D90-B928-742B69CB0AB3}"
EndProject
Project("{FAE04EC0-301F-11D3-BF4B-00C04F79EFBC}") = "FSV.ViewModel.UnitTest", "FSV.ViewModel.UnitTest\FSV.ViewModel.UnitTest.csproj", "{3E03EB4B-52A0-456B-A518-CB99A34F14F2}"
EndProject
Project("{FAE04EC0-301F-11D3-BF4B-00C04F79EFBC}") = "FSV.Crypto.UnitTest", "FSV.Crypto.UnitTest\FSV.Crypto.UnitTest.csproj", "{71B55F1B-2C21-414D-8461-66517075C0F2}"
EndProject
Project("{FAE04EC0-301F-11D3-BF4B-00C04F79EFBC}") = "FSV.Console.UnitTest", "FSV.Console.UnitTest\FSV.Console.UnitTest.csproj", "{6EB1AA1C-B5F2-44A8-BF63-D107B84DDB61}"
EndProject
Project("{2150E333-8FDC-42A3-9474-1A3956D46DE8}") = "Extensions", "Extensions", "{A2E80EFC-19F2-48CF-8463-B4DD2EB2547A}"
EndProject
Project("{9A19103F-16F7-4668-BE54-9A1E7A4F7556}") = "FSV.FileSystem.Interop.Abstractions", "FSV.FileSystem.Interop.Abstractions\FSV.FileSystem.Interop.Abstractions.csproj", "{2C724FB3-DEBF-4044-AB29-F31F3F35DA3B}"
EndProject
Project("{2150E333-8FDC-42A3-9474-1A3956D46DE8}") = "Interop", "Interop", "{487F84D4-05D7-49E7-8FFF-6C12930CDA02}"
EndProject
Project("{9A19103F-16F7-4668-BE54-9A1E7A4F7556}") = "FSV.FileSystem.Interop.Core", "FSV.FileSystem.Interop.Core\FSV.FileSystem.Interop.Core.csproj", "{AFA58AD0-D547-4D95-87DE-03443E02066C}"
EndProject
Project("{9A19103F-16F7-4668-BE54-9A1E7A4F7556}") = "FSV.FileSystem.Interop.Core.Abstractions", "FSV.FileSystem.Interop.Core.Abstractions\FSV.FileSystem.Interop.Core.Abstractions.csproj", "{150C7C23-AF8D-4E03-BBEC-0C75D31E4A64}"
EndProject
Project("{FAE04EC0-301F-11D3-BF4B-00C04F79EFBC}") = "FSV.Extensions.WindowConfiguration", "FSV.Extensions.WindowConfiguration\FSV.Extensions.WindowConfiguration.csproj", "{1E50AFAD-5E89-4F51-A194-BC08FBA61A2F}"
EndProject
Project("{9A19103F-16F7-4668-BE54-9A1E7A4F7556}") = "FSV.Extensions.Serialization", "FSV.Extensions.Serialization\FSV.Extensions.Serialization.csproj", "{67DAA557-8568-4BB9-98EF-74E1103EBF8E}"
EndProject
Project("{FAE04EC0-301F-11D3-BF4B-00C04F79EFBC}") = "FSV.Extensions.WindowConfiguration.Test", "FSV.Extensions.WindowConfiguration.Test\FSV.Extensions.WindowConfiguration.Test.csproj", "{99DC535B-5253-4338-9FE9-93BA849F879D}"
EndProject
Project("{9A19103F-16F7-4668-BE54-9A1E7A4F7556}") = "FSV.Extensions.Serialization.UnitTest", "FSV.Extensions.Serialization.UnitTest\FSV.Extensions.Serialization.UnitTest.csproj", "{7A74F74F-EE27-400C-8F90-9F177AEB35C5}"
EndProject
Project("{FAE04EC0-301F-11D3-BF4B-00C04F79EFBC}") = "FolderSecurityViewer.UnitTest", "FolderSecurityViewer.UnitTest\FolderSecurityViewer.UnitTest.csproj", "{546EB7C8-691A-4D3F-844D-B92486C3CF7A}"
EndProject
Global
	GlobalSection(SolutionConfigurationPlatforms) = preSolution
		Debug|Any CPU = Debug|Any CPU
		Release|Any CPU = Release|Any CPU
	EndGlobalSection
	GlobalSection(ProjectConfigurationPlatforms) = postSolution
		{FD1D8BAE-014C-4941-BA49-33182955689C}.Debug|Any CPU.ActiveCfg = Debug|Any CPU
		{FD1D8BAE-014C-4941-BA49-33182955689C}.Debug|Any CPU.Build.0 = Debug|Any CPU
		{FD1D8BAE-014C-4941-BA49-33182955689C}.Release|Any CPU.ActiveCfg = Release|Any CPU
		{FD1D8BAE-014C-4941-BA49-33182955689C}.Release|Any CPU.Build.0 = Release|Any CPU
		{0BDC0C6C-06BB-4DCD-AB93-E7FC035EB0AF}.Debug|Any CPU.ActiveCfg = Debug|Any CPU
		{0BDC0C6C-06BB-4DCD-AB93-E7FC035EB0AF}.Debug|Any CPU.Build.0 = Debug|Any CPU
		{0BDC0C6C-06BB-4DCD-AB93-E7FC035EB0AF}.Release|Any CPU.ActiveCfg = Release|Any CPU
		{0BDC0C6C-06BB-4DCD-AB93-E7FC035EB0AF}.Release|Any CPU.Build.0 = Release|Any CPU
		{F637CDFC-D5E9-419A-BD7F-F7D320BEA3C0}.Debug|Any CPU.ActiveCfg = Debug|Any CPU
		{F637CDFC-D5E9-419A-BD7F-F7D320BEA3C0}.Debug|Any CPU.Build.0 = Debug|Any CPU
		{F637CDFC-D5E9-419A-BD7F-F7D320BEA3C0}.Release|Any CPU.ActiveCfg = Release|Any CPU
		{F637CDFC-D5E9-419A-BD7F-F7D320BEA3C0}.Release|Any CPU.Build.0 = Release|Any CPU
		{CD590216-FF4E-4AB6-A6D3-F1D45E3615A0}.Debug|Any CPU.ActiveCfg = Debug|Any CPU
		{CD590216-FF4E-4AB6-A6D3-F1D45E3615A0}.Debug|Any CPU.Build.0 = Debug|Any CPU
		{CD590216-FF4E-4AB6-A6D3-F1D45E3615A0}.Release|Any CPU.ActiveCfg = Release|Any CPU
		{CD590216-FF4E-4AB6-A6D3-F1D45E3615A0}.Release|Any CPU.Build.0 = Release|Any CPU
		{9EF5069E-F950-4239-B3EA-8ECEA50FB4A0}.Debug|Any CPU.ActiveCfg = Debug|Any CPU
		{9EF5069E-F950-4239-B3EA-8ECEA50FB4A0}.Debug|Any CPU.Build.0 = Debug|Any CPU
		{9EF5069E-F950-4239-B3EA-8ECEA50FB4A0}.Release|Any CPU.ActiveCfg = Release|Any CPU
		{9EF5069E-F950-4239-B3EA-8ECEA50FB4A0}.Release|Any CPU.Build.0 = Release|Any CPU
		{C5B80996-6771-4D23-9136-1CF9C4230579}.Debug|Any CPU.ActiveCfg = Debug|Any CPU
		{C5B80996-6771-4D23-9136-1CF9C4230579}.Debug|Any CPU.Build.0 = Debug|Any CPU
		{C5B80996-6771-4D23-9136-1CF9C4230579}.Release|Any CPU.ActiveCfg = Release|Any CPU
		{C5B80996-6771-4D23-9136-1CF9C4230579}.Release|Any CPU.Build.0 = Release|Any CPU
		{C0FDC758-241D-4925-A74C-4816D9191CA1}.Debug|Any CPU.ActiveCfg = Debug|Any CPU
		{C0FDC758-241D-4925-A74C-4816D9191CA1}.Debug|Any CPU.Build.0 = Debug|Any CPU
		{C0FDC758-241D-4925-A74C-4816D9191CA1}.Release|Any CPU.ActiveCfg = Release|Any CPU
		{C0FDC758-241D-4925-A74C-4816D9191CA1}.Release|Any CPU.Build.0 = Release|Any CPU
		{544EF25E-75DC-4166-9FF2-F0005388146F}.Debug|Any CPU.ActiveCfg = Debug|Any CPU
		{544EF25E-75DC-4166-9FF2-F0005388146F}.Debug|Any CPU.Build.0 = Debug|Any CPU
		{544EF25E-75DC-4166-9FF2-F0005388146F}.Release|Any CPU.ActiveCfg = Release|Any CPU
		{544EF25E-75DC-4166-9FF2-F0005388146F}.Release|Any CPU.Build.0 = Release|Any CPU
		{F268923F-4E6D-4C52-9B38-B4E370582283}.Debug|Any CPU.ActiveCfg = Debug|Any CPU
		{F268923F-4E6D-4C52-9B38-B4E370582283}.Debug|Any CPU.Build.0 = Debug|Any CPU
		{F268923F-4E6D-4C52-9B38-B4E370582283}.Release|Any CPU.ActiveCfg = Release|Any CPU
		{F268923F-4E6D-4C52-9B38-B4E370582283}.Release|Any CPU.Build.0 = Release|Any CPU
		{10D9C1E5-D90D-40EC-A445-2C0038BBCF85}.Debug|Any CPU.ActiveCfg = Debug|Any CPU
		{10D9C1E5-D90D-40EC-A445-2C0038BBCF85}.Debug|Any CPU.Build.0 = Debug|Any CPU
		{10D9C1E5-D90D-40EC-A445-2C0038BBCF85}.Release|Any CPU.ActiveCfg = Release|Any CPU
		{10D9C1E5-D90D-40EC-A445-2C0038BBCF85}.Release|Any CPU.Build.0 = Release|Any CPU
		{86CEEF74-77C9-48CC-AF44-A8D0D9A139B1}.Debug|Any CPU.ActiveCfg = Debug|Any CPU
		{86CEEF74-77C9-48CC-AF44-A8D0D9A139B1}.Debug|Any CPU.Build.0 = Debug|Any CPU
		{86CEEF74-77C9-48CC-AF44-A8D0D9A139B1}.Release|Any CPU.ActiveCfg = Release|Any CPU
		{86CEEF74-77C9-48CC-AF44-A8D0D9A139B1}.Release|Any CPU.Build.0 = Release|Any CPU
		{AA409F5F-9D8C-430A-B7ED-CA3DCFD66550}.Debug|Any CPU.ActiveCfg = Debug|Any CPU
		{AA409F5F-9D8C-430A-B7ED-CA3DCFD66550}.Debug|Any CPU.Build.0 = Debug|Any CPU
		{AA409F5F-9D8C-430A-B7ED-CA3DCFD66550}.Release|Any CPU.ActiveCfg = Release|Any CPU
		{AA409F5F-9D8C-430A-B7ED-CA3DCFD66550}.Release|Any CPU.Build.0 = Release|Any CPU
		{03B9ACF6-F142-4D91-BA8C-26BC3C84F62A}.Debug|Any CPU.ActiveCfg = Debug|Any CPU
		{03B9ACF6-F142-4D91-BA8C-26BC3C84F62A}.Debug|Any CPU.Build.0 = Debug|Any CPU
		{03B9ACF6-F142-4D91-BA8C-26BC3C84F62A}.Release|Any CPU.ActiveCfg = Release|Any CPU
		{03B9ACF6-F142-4D91-BA8C-26BC3C84F62A}.Release|Any CPU.Build.0 = Release|Any CPU
		{E16FAF7B-85FF-4F41-B555-2FA1BC7AE662}.Debug|Any CPU.ActiveCfg = Debug|Any CPU
		{E16FAF7B-85FF-4F41-B555-2FA1BC7AE662}.Debug|Any CPU.Build.0 = Debug|Any CPU
		{E16FAF7B-85FF-4F41-B555-2FA1BC7AE662}.Release|Any CPU.ActiveCfg = Release|Any CPU
		{E16FAF7B-85FF-4F41-B555-2FA1BC7AE662}.Release|Any CPU.Build.0 = Release|Any CPU
		{255C8131-0B4A-48A0-A318-B51EA6D8225F}.Debug|Any CPU.ActiveCfg = Debug|Any CPU
		{255C8131-0B4A-48A0-A318-B51EA6D8225F}.Debug|Any CPU.Build.0 = Debug|Any CPU
		{255C8131-0B4A-48A0-A318-B51EA6D8225F}.Release|Any CPU.ActiveCfg = Release|Any CPU
		{255C8131-0B4A-48A0-A318-B51EA6D8225F}.Release|Any CPU.Build.0 = Release|Any CPU
		{7F0DCB46-1B42-4000-A481-6BDFB2103A87}.Debug|Any CPU.ActiveCfg = Debug|Any CPU
		{7F0DCB46-1B42-4000-A481-6BDFB2103A87}.Debug|Any CPU.Build.0 = Debug|Any CPU
		{7F0DCB46-1B42-4000-A481-6BDFB2103A87}.Release|Any CPU.ActiveCfg = Release|Any CPU
		{7F0DCB46-1B42-4000-A481-6BDFB2103A87}.Release|Any CPU.Build.0 = Release|Any CPU
		{210DEDB1-6EDF-4D10-8251-5AA27BDB8EF9}.Debug|Any CPU.ActiveCfg = Debug|Any CPU
		{210DEDB1-6EDF-4D10-8251-5AA27BDB8EF9}.Debug|Any CPU.Build.0 = Debug|Any CPU
		{210DEDB1-6EDF-4D10-8251-5AA27BDB8EF9}.Release|Any CPU.ActiveCfg = Release|Any CPU
		{210DEDB1-6EDF-4D10-8251-5AA27BDB8EF9}.Release|Any CPU.Build.0 = Release|Any CPU
		{F06053AB-3442-498E-B0D0-C35A06EBA883}.Debug|Any CPU.ActiveCfg = Debug|Any CPU
		{F06053AB-3442-498E-B0D0-C35A06EBA883}.Debug|Any CPU.Build.0 = Debug|Any CPU
		{F06053AB-3442-498E-B0D0-C35A06EBA883}.Release|Any CPU.ActiveCfg = Release|Any CPU
		{F06053AB-3442-498E-B0D0-C35A06EBA883}.Release|Any CPU.Build.0 = Release|Any CPU
		{0B87440C-CE77-4D3F-AD5D-1EA72363A51E}.Debug|Any CPU.ActiveCfg = Debug|Any CPU
		{0B87440C-CE77-4D3F-AD5D-1EA72363A51E}.Debug|Any CPU.Build.0 = Debug|Any CPU
		{0B87440C-CE77-4D3F-AD5D-1EA72363A51E}.Release|Any CPU.ActiveCfg = Release|Any CPU
		{0B87440C-CE77-4D3F-AD5D-1EA72363A51E}.Release|Any CPU.Build.0 = Release|Any CPU
		{999A591F-E7D9-4BE2-B02F-39BCCCD56898}.Debug|Any CPU.ActiveCfg = Debug|Any CPU
		{999A591F-E7D9-4BE2-B02F-39BCCCD56898}.Debug|Any CPU.Build.0 = Debug|Any CPU
		{999A591F-E7D9-4BE2-B02F-39BCCCD56898}.Release|Any CPU.ActiveCfg = Release|Any CPU
		{999A591F-E7D9-4BE2-B02F-39BCCCD56898}.Release|Any CPU.Build.0 = Release|Any CPU
		{7E92B250-C452-4121-9698-9A63CA076923}.Debug|Any CPU.ActiveCfg = Debug|Any CPU
		{7E92B250-C452-4121-9698-9A63CA076923}.Debug|Any CPU.Build.0 = Debug|Any CPU
		{7E92B250-C452-4121-9698-9A63CA076923}.Release|Any CPU.ActiveCfg = Release|Any CPU
		{7E92B250-C452-4121-9698-9A63CA076923}.Release|Any CPU.Build.0 = Release|Any CPU
		{A9DBBA78-EE29-43D0-A67F-A92AF66531E1}.Debug|Any CPU.ActiveCfg = Debug|Any CPU
		{A9DBBA78-EE29-43D0-A67F-A92AF66531E1}.Debug|Any CPU.Build.0 = Debug|Any CPU
		{A9DBBA78-EE29-43D0-A67F-A92AF66531E1}.Release|Any CPU.ActiveCfg = Release|Any CPU
		{A9DBBA78-EE29-43D0-A67F-A92AF66531E1}.Release|Any CPU.Build.0 = Release|Any CPU
		{CAD6A1AD-D0D3-441A-B416-B9AE9E6424F8}.Debug|Any CPU.ActiveCfg = Debug|Any CPU
		{CAD6A1AD-D0D3-441A-B416-B9AE9E6424F8}.Debug|Any CPU.Build.0 = Debug|Any CPU
		{CAD6A1AD-D0D3-441A-B416-B9AE9E6424F8}.Release|Any CPU.ActiveCfg = Release|Any CPU
		{CAD6A1AD-D0D3-441A-B416-B9AE9E6424F8}.Release|Any CPU.Build.0 = Release|Any CPU
		{7C3B5F34-C8D5-41AE-8165-9A83351D39BE}.Debug|Any CPU.ActiveCfg = Debug|Any CPU
		{7C3B5F34-C8D5-41AE-8165-9A83351D39BE}.Debug|Any CPU.Build.0 = Debug|Any CPU
		{7C3B5F34-C8D5-41AE-8165-9A83351D39BE}.Release|Any CPU.ActiveCfg = Release|Any CPU
		{7C3B5F34-C8D5-41AE-8165-9A83351D39BE}.Release|Any CPU.Build.0 = Release|Any CPU
		{D58D5D7B-87AC-46F8-839E-BF5015697509}.Debug|Any CPU.ActiveCfg = Debug|Any CPU
		{D58D5D7B-87AC-46F8-839E-BF5015697509}.Debug|Any CPU.Build.0 = Debug|Any CPU
		{D58D5D7B-87AC-46F8-839E-BF5015697509}.Release|Any CPU.ActiveCfg = Release|Any CPU
		{D58D5D7B-87AC-46F8-839E-BF5015697509}.Release|Any CPU.Build.0 = Release|Any CPU
		{B8F6DD4E-25E7-43F7-8E86-76941A4D61A5}.Debug|Any CPU.ActiveCfg = Debug|Any CPU
		{B8F6DD4E-25E7-43F7-8E86-76941A4D61A5}.Debug|Any CPU.Build.0 = Debug|Any CPU
		{B8F6DD4E-25E7-43F7-8E86-76941A4D61A5}.Release|Any CPU.ActiveCfg = Release|Any CPU
		{B8F6DD4E-25E7-43F7-8E86-76941A4D61A5}.Release|Any CPU.Build.0 = Release|Any CPU
		{10EF5D74-77E9-4F8C-B0FB-AB44FB908119}.Debug|Any CPU.ActiveCfg = Debug|Any CPU
		{10EF5D74-77E9-4F8C-B0FB-AB44FB908119}.Debug|Any CPU.Build.0 = Debug|Any CPU
		{10EF5D74-77E9-4F8C-B0FB-AB44FB908119}.Release|Any CPU.ActiveCfg = Release|Any CPU
		{10EF5D74-77E9-4F8C-B0FB-AB44FB908119}.Release|Any CPU.Build.0 = Release|Any CPU
		{E5142133-D2CB-450D-80A8-72561710B25D}.Debug|Any CPU.ActiveCfg = Debug|Any CPU
		{E5142133-D2CB-450D-80A8-72561710B25D}.Debug|Any CPU.Build.0 = Debug|Any CPU
		{E5142133-D2CB-450D-80A8-72561710B25D}.Release|Any CPU.ActiveCfg = Release|Any CPU
		{E5142133-D2CB-450D-80A8-72561710B25D}.Release|Any CPU.Build.0 = Release|Any CPU
		{6EF8B753-C9EF-4F1A-BDEB-58EFA7DD3487}.Debug|Any CPU.ActiveCfg = Debug|Any CPU
		{6EF8B753-C9EF-4F1A-BDEB-58EFA7DD3487}.Debug|Any CPU.Build.0 = Debug|Any CPU
		{6EF8B753-C9EF-4F1A-BDEB-58EFA7DD3487}.Release|Any CPU.ActiveCfg = Release|Any CPU
		{6EF8B753-C9EF-4F1A-BDEB-58EFA7DD3487}.Release|Any CPU.Build.0 = Release|Any CPU
		{98992E64-A68A-42BD-A083-695BD84C8F66}.Debug|Any CPU.ActiveCfg = Debug|Any CPU
		{98992E64-A68A-42BD-A083-695BD84C8F66}.Debug|Any CPU.Build.0 = Debug|Any CPU
		{98992E64-A68A-42BD-A083-695BD84C8F66}.Release|Any CPU.ActiveCfg = Release|Any CPU
		{98992E64-A68A-42BD-A083-695BD84C8F66}.Release|Any CPU.Build.0 = Release|Any CPU
		{F0FDD4E2-0047-452C-9980-227C2C41C4F3}.Debug|Any CPU.ActiveCfg = Debug|Any CPU
		{F0FDD4E2-0047-452C-9980-227C2C41C4F3}.Debug|Any CPU.Build.0 = Debug|Any CPU
		{F0FDD4E2-0047-452C-9980-227C2C41C4F3}.Release|Any CPU.ActiveCfg = Release|Any CPU
		{F0FDD4E2-0047-452C-9980-227C2C41C4F3}.Release|Any CPU.Build.0 = Release|Any CPU
		{8F3B477C-DB33-4D90-B928-742B69CB0AB3}.Debug|Any CPU.ActiveCfg = Debug|Any CPU
		{8F3B477C-DB33-4D90-B928-742B69CB0AB3}.Debug|Any CPU.Build.0 = Debug|Any CPU
		{8F3B477C-DB33-4D90-B928-742B69CB0AB3}.Release|Any CPU.ActiveCfg = Release|Any CPU
		{8F3B477C-DB33-4D90-B928-742B69CB0AB3}.Release|Any CPU.Build.0 = Release|Any CPU
		{3E03EB4B-52A0-456B-A518-CB99A34F14F2}.Debug|Any CPU.ActiveCfg = Debug|Any CPU
		{3E03EB4B-52A0-456B-A518-CB99A34F14F2}.Debug|Any CPU.Build.0 = Debug|Any CPU
		{3E03EB4B-52A0-456B-A518-CB99A34F14F2}.Release|Any CPU.ActiveCfg = Release|Any CPU
		{3E03EB4B-52A0-456B-A518-CB99A34F14F2}.Release|Any CPU.Build.0 = Release|Any CPU
		{71B55F1B-2C21-414D-8461-66517075C0F2}.Debug|Any CPU.ActiveCfg = Debug|Any CPU
		{71B55F1B-2C21-414D-8461-66517075C0F2}.Debug|Any CPU.Build.0 = Debug|Any CPU
		{71B55F1B-2C21-414D-8461-66517075C0F2}.Release|Any CPU.ActiveCfg = Release|Any CPU
		{71B55F1B-2C21-414D-8461-66517075C0F2}.Release|Any CPU.Build.0 = Release|Any CPU
		{6EB1AA1C-B5F2-44A8-BF63-D107B84DDB61}.Debug|Any CPU.ActiveCfg = Debug|Any CPU
		{6EB1AA1C-B5F2-44A8-BF63-D107B84DDB61}.Debug|Any CPU.Build.0 = Debug|Any CPU
		{6EB1AA1C-B5F2-44A8-BF63-D107B84DDB61}.Release|Any CPU.ActiveCfg = Release|Any CPU
		{6EB1AA1C-B5F2-44A8-BF63-D107B84DDB61}.Release|Any CPU.Build.0 = Release|Any CPU
		{2C724FB3-DEBF-4044-AB29-F31F3F35DA3B}.Debug|Any CPU.ActiveCfg = Debug|Any CPU
		{2C724FB3-DEBF-4044-AB29-F31F3F35DA3B}.Debug|Any CPU.Build.0 = Debug|Any CPU
		{2C724FB3-DEBF-4044-AB29-F31F3F35DA3B}.Release|Any CPU.ActiveCfg = Release|Any CPU
		{2C724FB3-DEBF-4044-AB29-F31F3F35DA3B}.Release|Any CPU.Build.0 = Release|Any CPU
		{AFA58AD0-D547-4D95-87DE-03443E02066C}.Debug|Any CPU.ActiveCfg = Debug|Any CPU
		{AFA58AD0-D547-4D95-87DE-03443E02066C}.Debug|Any CPU.Build.0 = Debug|Any CPU
		{AFA58AD0-D547-4D95-87DE-03443E02066C}.Release|Any CPU.ActiveCfg = Release|Any CPU
		{AFA58AD0-D547-4D95-87DE-03443E02066C}.Release|Any CPU.Build.0 = Release|Any CPU
		{150C7C23-AF8D-4E03-BBEC-0C75D31E4A64}.Debug|Any CPU.ActiveCfg = Debug|Any CPU
		{150C7C23-AF8D-4E03-BBEC-0C75D31E4A64}.Debug|Any CPU.Build.0 = Debug|Any CPU
		{150C7C23-AF8D-4E03-BBEC-0C75D31E4A64}.Release|Any CPU.ActiveCfg = Release|Any CPU
		{150C7C23-AF8D-4E03-BBEC-0C75D31E4A64}.Release|Any CPU.Build.0 = Release|Any CPU
		{1E50AFAD-5E89-4F51-A194-BC08FBA61A2F}.Debug|Any CPU.ActiveCfg = Debug|Any CPU
		{1E50AFAD-5E89-4F51-A194-BC08FBA61A2F}.Debug|Any CPU.Build.0 = Debug|Any CPU
		{1E50AFAD-5E89-4F51-A194-BC08FBA61A2F}.Release|Any CPU.ActiveCfg = Release|Any CPU
		{1E50AFAD-5E89-4F51-A194-BC08FBA61A2F}.Release|Any CPU.Build.0 = Release|Any CPU
		{67DAA557-8568-4BB9-98EF-74E1103EBF8E}.Debug|Any CPU.ActiveCfg = Debug|Any CPU
		{67DAA557-8568-4BB9-98EF-74E1103EBF8E}.Debug|Any CPU.Build.0 = Debug|Any CPU
		{67DAA557-8568-4BB9-98EF-74E1103EBF8E}.Release|Any CPU.ActiveCfg = Release|Any CPU
		{67DAA557-8568-4BB9-98EF-74E1103EBF8E}.Release|Any CPU.Build.0 = Release|Any CPU
		{99DC535B-5253-4338-9FE9-93BA849F879D}.Debug|Any CPU.ActiveCfg = Debug|Any CPU
		{99DC535B-5253-4338-9FE9-93BA849F879D}.Debug|Any CPU.Build.0 = Debug|Any CPU
		{99DC535B-5253-4338-9FE9-93BA849F879D}.Release|Any CPU.ActiveCfg = Release|Any CPU
		{99DC535B-5253-4338-9FE9-93BA849F879D}.Release|Any CPU.Build.0 = Release|Any CPU
		{7A74F74F-EE27-400C-8F90-9F177AEB35C5}.Debug|Any CPU.ActiveCfg = Debug|Any CPU
		{7A74F74F-EE27-400C-8F90-9F177AEB35C5}.Debug|Any CPU.Build.0 = Debug|Any CPU
		{7A74F74F-EE27-400C-8F90-9F177AEB35C5}.Release|Any CPU.ActiveCfg = Release|Any CPU
		{7A74F74F-EE27-400C-8F90-9F177AEB35C5}.Release|Any CPU.Build.0 = Release|Any CPU
		{546EB7C8-691A-4D3F-844D-B92486C3CF7A}.Debug|Any CPU.ActiveCfg = Debug|Any CPU
		{546EB7C8-691A-4D3F-844D-B92486C3CF7A}.Debug|Any CPU.Build.0 = Debug|Any CPU
		{546EB7C8-691A-4D3F-844D-B92486C3CF7A}.Release|Any CPU.ActiveCfg = Release|Any CPU
		{546EB7C8-691A-4D3F-844D-B92486C3CF7A}.Release|Any CPU.Build.0 = Release|Any CPU
	EndGlobalSection
	GlobalSection(SolutionProperties) = preSolution
		HideSolutionNode = FALSE
	EndGlobalSection
	GlobalSection(NestedProjects) = preSolution
		{CD590216-FF4E-4AB6-A6D3-F1D45E3615A0} = {487F84D4-05D7-49E7-8FFF-6C12930CDA02}
		{F06053AB-3442-498E-B0D0-C35A06EBA883} = {0E252AB3-1E8E-4FE2-82FC-C207CA1B5970}
		{0B87440C-CE77-4D3F-AD5D-1EA72363A51E} = {A2E80EFC-19F2-48CF-8463-B4DD2EB2547A}
		{999A591F-E7D9-4BE2-B02F-39BCCCD56898} = {0E252AB3-1E8E-4FE2-82FC-C207CA1B5970}
		{7E92B250-C452-4121-9698-9A63CA076923} = {0E252AB3-1E8E-4FE2-82FC-C207CA1B5970}
		{A9DBBA78-EE29-43D0-A67F-A92AF66531E1} = {B8A0D256-39EB-4883-9D1E-2D031B2C3010}
		{CAD6A1AD-D0D3-441A-B416-B9AE9E6424F8} = {0E252AB3-1E8E-4FE2-82FC-C207CA1B5970}
		{7C3B5F34-C8D5-41AE-8165-9A83351D39BE} = {0E252AB3-1E8E-4FE2-82FC-C207CA1B5970}
		{D58D5D7B-87AC-46F8-839E-BF5015697509} = {0E252AB3-1E8E-4FE2-82FC-C207CA1B5970}
		{B8F6DD4E-25E7-43F7-8E86-76941A4D61A5} = {B8A0D256-39EB-4883-9D1E-2D031B2C3010}
		{10EF5D74-77E9-4F8C-B0FB-AB44FB908119} = {A2E80EFC-19F2-48CF-8463-B4DD2EB2547A}
		{E5142133-D2CB-450D-80A8-72561710B25D} = {0E252AB3-1E8E-4FE2-82FC-C207CA1B5970}
		{6EF8B753-C9EF-4F1A-BDEB-58EFA7DD3487} = {B8A0D256-39EB-4883-9D1E-2D031B2C3010}
		{8F3B477C-DB33-4D90-B928-742B69CB0AB3} = {0E252AB3-1E8E-4FE2-82FC-C207CA1B5970}
		{3E03EB4B-52A0-456B-A518-CB99A34F14F2} = {0E252AB3-1E8E-4FE2-82FC-C207CA1B5970}
		{71B55F1B-2C21-414D-8461-66517075C0F2} = {0E252AB3-1E8E-4FE2-82FC-C207CA1B5970}
		{6EB1AA1C-B5F2-44A8-BF63-D107B84DDB61} = {0E252AB3-1E8E-4FE2-82FC-C207CA1B5970}
		{2C724FB3-DEBF-4044-AB29-F31F3F35DA3B} = {B8A0D256-39EB-4883-9D1E-2D031B2C3010}
		{AFA58AD0-D547-4D95-87DE-03443E02066C} = {487F84D4-05D7-49E7-8FFF-6C12930CDA02}
		{150C7C23-AF8D-4E03-BBEC-0C75D31E4A64} = {B8A0D256-39EB-4883-9D1E-2D031B2C3010}
		{1E50AFAD-5E89-4F51-A194-BC08FBA61A2F} = {A2E80EFC-19F2-48CF-8463-B4DD2EB2547A}
		{67DAA557-8568-4BB9-98EF-74E1103EBF8E} = {A2E80EFC-19F2-48CF-8463-B4DD2EB2547A}
		{99DC535B-5253-4338-9FE9-93BA849F879D} = {0E252AB3-1E8E-4FE2-82FC-C207CA1B5970}
		{7A74F74F-EE27-400C-8F90-9F177AEB35C5} = {0E252AB3-1E8E-4FE2-82FC-C207CA1B5970}
		{546EB7C8-691A-4D3F-844D-B92486C3CF7A} = {0E252AB3-1E8E-4FE2-82FC-C207CA1B5970}
	EndGlobalSection
	GlobalSection(ExtensibilityGlobals) = postSolution
		SolutionGuid = {CD022600-DA06-4B78-B1B4-7B3B1F02C19B}
		VisualSVNWorkingCopyRoot = .
	EndGlobalSection
EndGlobal
